
Microsoft Visual Studio Solution File, Format Version 12.00
# Visual Studio Version 17
VisualStudioVersion = 17.6.33829.357
MinimumVisualStudioVersion = 10.0.40219.1
Project("{2150E333-8FDC-42A3-9474-1A3956D46DE8}") = "Frontends", "Frontends", "{C1881124-53D1-4808-BCB0-A5EADA5BAC11}"
EndProject
Project("{2150E333-8FDC-42A3-9474-1A3956D46DE8}") = "Gateways", "Gateways", "{AE8BC334-DD97-4EE3-8C1A-2A5E25E7C038}"
EndProject
Project("{2150E333-8FDC-42A3-9474-1A3956D46DE8}") = "IdentityServer", "IdentityServer", "{BAEF23E6-5282-40BF-8655-B6D55F01C9E1}"
EndProject
Project("{2150E333-8FDC-42A3-9474-1A3956D46DE8}") = "Shared", "Shared", "{5F315D75-CC27-4F15-A6EF-A22827DE27B3}"
EndProject
Project("{2150E333-8FDC-42A3-9474-1A3956D46DE8}") = "Services", "Services", "{4EA7316C-B94A-43BB-B26D-5F9310CDC642}"
EndProject
Project("{2150E333-8FDC-42A3-9474-1A3956D46DE8}") = "SolutionItems", "SolutionItems", "{C485CAEE-3380-418A-BBE6-7E768DCFF1F6}"
	ProjectSection(SolutionItems) = preProject
		PortNumbers.txt = PortNumbers.txt
		ToDoList.txt = ToDoList.txt
	EndProjectSection
EndProject
Project("{2150E333-8FDC-42A3-9474-1A3956D46DE8}") = "Basket", "Basket", "{29E2C0D2-E770-42D2-AEAF-A83368AE4462}"
EndProject
Project("{2150E333-8FDC-42A3-9474-1A3956D46DE8}") = "Catalog", "Catalog", "{3F561F8B-1D61-4094-9B6A-286B2C9FE151}"
EndProject
Project("{2150E333-8FDC-42A3-9474-1A3956D46DE8}") = "Cargo", "Cargo", "{6EEDA0A0-E4F0-4018-AA36-155C48078DCE}"
EndProject
Project("{2150E333-8FDC-42A3-9474-1A3956D46DE8}") = "Discount", "Discount", "{19D139C4-02AC-4AD5-AC15-334DC2F81887}"
EndProject
Project("{2150E333-8FDC-42A3-9474-1A3956D46DE8}") = "Payment", "Payment", "{B756C172-3CD9-4A1D-9F7A-A0D6898CE800}"
EndProject
Project("{2150E333-8FDC-42A3-9474-1A3956D46DE8}") = "PhotoStock", "PhotoStock", "{DECCA8D3-5B26-4A8B-AC85-7E7234D50670}"
EndProject
Project("{2150E333-8FDC-42A3-9474-1A3956D46DE8}") = "Order", "Order", "{D24B7056-7C6B-44DC-9BAE-C83EBAB777C6}"
EndProject
Project("{9A19103F-16F7-4668-BE54-9A1E7A4F7556}") = "CasgemMicroservice.Services.Catalog", "CasgemMicroservice\Services\Catalog\CasgemMicroservice.Services.Catalog\CasgemMicroservice.Services.Catalog.csproj", "{AB73047D-4AD9-4D8D-8DC5-DD0A040EFFDD}"
EndProject
Project("{9A19103F-16F7-4668-BE54-9A1E7A4F7556}") = "CasgemMicroservice.Shared", "Shared\CasgemMicroservice.Shared\CasgemMicroservice.Shared.csproj", "{404966B5-A729-456B-B3F1-CD1B1F71C3C0}"
EndProject
Project("{9A19103F-16F7-4668-BE54-9A1E7A4F7556}") = "CasgemMicroservice.IdentityServer", "IdentityServer\CasgemMicroservice.IdentityServer\CasgemMicroservice.IdentityServer.csproj", "{015DDB5B-D43C-4F86-8021-A87F275518B6}"
EndProject
Project("{9A19103F-16F7-4668-BE54-9A1E7A4F7556}") = "CasgemMicroservice.PhotoStock", "Services\PhotoStock\CasgemMicroservice.PhotoStock\CasgemMicroservice.PhotoStock.csproj", "{9AF684E0-9DDC-4440-9C77-51882DC9733B}"
EndProject
Project("{9A19103F-16F7-4668-BE54-9A1E7A4F7556}") = "CasgemMicroservice.Services.Basket", "Services\Basket\CasgemMicroservice.Services.Basket\CasgemMicroservice.Services.Basket.csproj", "{482721BF-9480-46BE-8B21-6DAE36DF841F}"
EndProject
Project("{9A19103F-16F7-4668-BE54-9A1E7A4F7556}") = "CasgemMicroservices.Services.Discount", "Services\Discount\CasgemMicroservices.Services.Discount\CasgemMicroservices.Services.Discount.csproj", "{5394C31B-4657-4FFF-9951-399F34936F1B}"
EndProject
Project("{2150E333-8FDC-42A3-9474-1A3956D46DE8}") = "Core", "Core", "{FD93C258-12F2-46AF-8C21-69105C8D5379}"
EndProject
Project("{2150E333-8FDC-42A3-9474-1A3956D46DE8}") = "Infrastructure", "Infrastructure", "{C55049EE-6D02-47F0-8328-87D2535E1517}"
EndProject
Project("{2150E333-8FDC-42A3-9474-1A3956D46DE8}") = "Presentation", "Presentation", "{73950BAD-F15B-4975-8430-01BFC6012B84}"
EndProject
Project("{9A19103F-16F7-4668-BE54-9A1E7A4F7556}") = "CasgemMicroservice.Services.Order.Core.Domain", "Services\Order\Core\CasgemMicroservice.Services.Order.Core.Domain\CasgemMicroservice.Services.Order.Core.Domain.csproj", "{40CBE327-15AC-4588-ABC8-B8CEB4AD51C5}"
EndProject
Project("{9A19103F-16F7-4668-BE54-9A1E7A4F7556}") = "CasgemMicroservice.Services.Order.Core.Application", "Services\Order\Core\CasgemMicroservice.Services.Order.Core.Application\CasgemMicroservice.Services.Order.Core.Application.csproj", "{C2885EA4-3BA5-4868-9853-655A8993DB75}"
EndProject
Project("{9A19103F-16F7-4668-BE54-9A1E7A4F7556}") = "CasgemMicroservice.Services.Order.Infrastructure.Persistance", "Services\Order\Infrastructure\CasgemMicroservice.Services.Order.Infrastructure.Persistance\CasgemMicroservice.Services.Order.Infrastructure.Persistance.csproj", "{F3EF948F-37F0-4440-BF81-8B4DA7C3E872}"
EndProject
Project("{9A19103F-16F7-4668-BE54-9A1E7A4F7556}") = "CasgemMicroservice.Services.Order.Presentation.Api", "Services\Order\Presentation\CasgemMicroservice.Services.Order.Presentation.Api\CasgemMicroservice.Services.Order.Presentation.Api.csproj", "{E0EC6266-6735-4A78-AC62-FC2B9A3D5C79}"
EndProject
Project("{9A19103F-16F7-4668-BE54-9A1E7A4F7556}") = "CasgemMicroservice.Services.Cargo.BusinessLayer", "Services\Cargo\CasgemMicroservice.Services.Cargo.BusinessLayer\CasgemMicroservice.Services.Cargo.BusinessLayer.csproj", "{A489B855-9527-41F2-9152-60880A1480D8}"
EndProject
Project("{9A19103F-16F7-4668-BE54-9A1E7A4F7556}") = "CasgemMicroservice.Services.Cargo.DataAccessLayer", "Services\Cargo\CasgemMicroservice.Services.Cargo.DataAccessLayer\CasgemMicroservice.Services.Cargo.DataAccessLayer.csproj", "{C30B5BBE-A78E-41C1-A1FF-E90AE38DC65C}"
EndProject
Project("{9A19103F-16F7-4668-BE54-9A1E7A4F7556}") = "CasgemMicroservice.Services.Cargo.EntityLayer", "Services\Cargo\CasgemMicroservice.Services.Cargo.EntityLayer\CasgemMicroservice.Services.Cargo.EntityLayer.csproj", "{31F6BCE0-C8EC-4812-8335-4A206977EE72}"
EndProject
Project("{9A19103F-16F7-4668-BE54-9A1E7A4F7556}") = "CasgemMicroservice.Services.Cargo.WebApi", "Services\Cargo\CasgemMicroservice.Services.Cargo.WebApi\CasgemMicroservice.Services.Cargo.WebApi.csproj", "{CEC59571-90B2-47B1-9115-255C43127BBF}"
EndProject
Project("{FAE04EC0-301F-11D3-BF4B-00C04F79EFBC}") = "CasgemMicroservice.Services.Payment.WebApi", "Services\Payment\CasgemMicroservice.Services.Payment.WebApi\CasgemMicroservice.Services.Payment.WebApi.csproj", "{D2B679F1-9E7D-4797-9B7E-03E20B51BB9A}"
EndProject
Global
	GlobalSection(SolutionConfigurationPlatforms) = preSolution
		Debug|Any CPU = Debug|Any CPU
		Release|Any CPU = Release|Any CPU
	EndGlobalSection
	GlobalSection(ProjectConfigurationPlatforms) = postSolution
		{AB73047D-4AD9-4D8D-8DC5-DD0A040EFFDD}.Debug|Any CPU.ActiveCfg = Debug|Any CPU
		{AB73047D-4AD9-4D8D-8DC5-DD0A040EFFDD}.Debug|Any CPU.Build.0 = Debug|Any CPU
		{AB73047D-4AD9-4D8D-8DC5-DD0A040EFFDD}.Release|Any CPU.ActiveCfg = Release|Any CPU
		{AB73047D-4AD9-4D8D-8DC5-DD0A040EFFDD}.Release|Any CPU.Build.0 = Release|Any CPU
		{404966B5-A729-456B-B3F1-CD1B1F71C3C0}.Debug|Any CPU.ActiveCfg = Debug|Any CPU
		{404966B5-A729-456B-B3F1-CD1B1F71C3C0}.Debug|Any CPU.Build.0 = Debug|Any CPU
		{404966B5-A729-456B-B3F1-CD1B1F71C3C0}.Release|Any CPU.ActiveCfg = Release|Any CPU
		{404966B5-A729-456B-B3F1-CD1B1F71C3C0}.Release|Any CPU.Build.0 = Release|Any CPU
		{015DDB5B-D43C-4F86-8021-A87F275518B6}.Debug|Any CPU.ActiveCfg = Debug|Any CPU
		{015DDB5B-D43C-4F86-8021-A87F275518B6}.Debug|Any CPU.Build.0 = Debug|Any CPU
		{015DDB5B-D43C-4F86-8021-A87F275518B6}.Release|Any CPU.ActiveCfg = Release|Any CPU
		{015DDB5B-D43C-4F86-8021-A87F275518B6}.Release|Any CPU.Build.0 = Release|Any CPU
		{9AF684E0-9DDC-4440-9C77-51882DC9733B}.Debug|Any CPU.ActiveCfg = Debug|Any CPU
		{9AF684E0-9DDC-4440-9C77-51882DC9733B}.Debug|Any CPU.Build.0 = Debug|Any CPU
		{9AF684E0-9DDC-4440-9C77-51882DC9733B}.Release|Any CPU.ActiveCfg = Release|Any CPU
		{9AF684E0-9DDC-4440-9C77-51882DC9733B}.Release|Any CPU.Build.0 = Release|Any CPU
		{482721BF-9480-46BE-8B21-6DAE36DF841F}.Debug|Any CPU.ActiveCfg = Debug|Any CPU
		{482721BF-9480-46BE-8B21-6DAE36DF841F}.Debug|Any CPU.Build.0 = Debug|Any CPU
		{482721BF-9480-46BE-8B21-6DAE36DF841F}.Release|Any CPU.ActiveCfg = Release|Any CPU
		{482721BF-9480-46BE-8B21-6DAE36DF841F}.Release|Any CPU.Build.0 = Release|Any CPU
		{5394C31B-4657-4FFF-9951-399F34936F1B}.Debug|Any CPU.ActiveCfg = Debug|Any CPU
		{5394C31B-4657-4FFF-9951-399F34936F1B}.Debug|Any CPU.Build.0 = Debug|Any CPU
		{5394C31B-4657-4FFF-9951-399F34936F1B}.Release|Any CPU.ActiveCfg = Release|Any CPU
		{5394C31B-4657-4FFF-9951-399F34936F1B}.Release|Any CPU.Build.0 = Release|Any CPU
		{40CBE327-15AC-4588-ABC8-B8CEB4AD51C5}.Debug|Any CPU.ActiveCfg = Debug|Any CPU
		{40CBE327-15AC-4588-ABC8-B8CEB4AD51C5}.Debug|Any CPU.Build.0 = Debug|Any CPU
		{40CBE327-15AC-4588-ABC8-B8CEB4AD51C5}.Release|Any CPU.ActiveCfg = Release|Any CPU
		{40CBE327-15AC-4588-ABC8-B8CEB4AD51C5}.Release|Any CPU.Build.0 = Release|Any CPU
		{C2885EA4-3BA5-4868-9853-655A8993DB75}.Debug|Any CPU.ActiveCfg = Debug|Any CPU
		{C2885EA4-3BA5-4868-9853-655A8993DB75}.Debug|Any CPU.Build.0 = Debug|Any CPU
		{C2885EA4-3BA5-4868-9853-655A8993DB75}.Release|Any CPU.ActiveCfg = Release|Any CPU
		{C2885EA4-3BA5-4868-9853-655A8993DB75}.Release|Any CPU.Build.0 = Release|Any CPU
		{F3EF948F-37F0-4440-BF81-8B4DA7C3E872}.Debug|Any CPU.ActiveCfg = Debug|Any CPU
		{F3EF948F-37F0-4440-BF81-8B4DA7C3E872}.Debug|Any CPU.Build.0 = Debug|Any CPU
		{F3EF948F-37F0-4440-BF81-8B4DA7C3E872}.Release|Any CPU.ActiveCfg = Release|Any CPU
		{F3EF948F-37F0-4440-BF81-8B4DA7C3E872}.Release|Any CPU.Build.0 = Release|Any CPU
		{E0EC6266-6735-4A78-AC62-FC2B9A3D5C79}.Debug|Any CPU.ActiveCfg = Debug|Any CPU
		{E0EC6266-6735-4A78-AC62-FC2B9A3D5C79}.Debug|Any CPU.Build.0 = Debug|Any CPU
		{E0EC6266-6735-4A78-AC62-FC2B9A3D5C79}.Release|Any CPU.ActiveCfg = Release|Any CPU
		{E0EC6266-6735-4A78-AC62-FC2B9A3D5C79}.Release|Any CPU.Build.0 = Release|Any CPU
		{A489B855-9527-41F2-9152-60880A1480D8}.Debug|Any CPU.ActiveCfg = Debug|Any CPU
		{A489B855-9527-41F2-9152-60880A1480D8}.Debug|Any CPU.Build.0 = Debug|Any CPU
		{A489B855-9527-41F2-9152-60880A1480D8}.Release|Any CPU.ActiveCfg = Release|Any CPU
		{A489B855-9527-41F2-9152-60880A1480D8}.Release|Any CPU.Build.0 = Release|Any CPU
		{C30B5BBE-A78E-41C1-A1FF-E90AE38DC65C}.Debug|Any CPU.ActiveCfg = Debug|Any CPU
		{C30B5BBE-A78E-41C1-A1FF-E90AE38DC65C}.Debug|Any CPU.Build.0 = Debug|Any CPU
		{C30B5BBE-A78E-41C1-A1FF-E90AE38DC65C}.Release|Any CPU.ActiveCfg = Release|Any CPU
		{C30B5BBE-A78E-41C1-A1FF-E90AE38DC65C}.Release|Any CPU.Build.0 = Release|Any CPU
		{31F6BCE0-C8EC-4812-8335-4A206977EE72}.Debug|Any CPU.ActiveCfg = Debug|Any CPU
		{31F6BCE0-C8EC-4812-8335-4A206977EE72}.Debug|Any CPU.Build.0 = Debug|Any CPU
		{31F6BCE0-C8EC-4812-8335-4A206977EE72}.Release|Any CPU.ActiveCfg = Release|Any CPU
		{31F6BCE0-C8EC-4812-8335-4A206977EE72}.Release|Any CPU.Build.0 = Release|Any CPU
		{CEC59571-90B2-47B1-9115-255C43127BBF}.Debug|Any CPU.ActiveCfg = Debug|Any CPU
		{CEC59571-90B2-47B1-9115-255C43127BBF}.Debug|Any CPU.Build.0 = Debug|Any CPU
		{CEC59571-90B2-47B1-9115-255C43127BBF}.Release|Any CPU.ActiveCfg = Release|Any CPU
		{CEC59571-90B2-47B1-9115-255C43127BBF}.Release|Any CPU.Build.0 = Release|Any CPU
		{D2B679F1-9E7D-4797-9B7E-03E20B51BB9A}.Debug|Any CPU.ActiveCfg = Debug|Any CPU
		{D2B679F1-9E7D-4797-9B7E-03E20B51BB9A}.Debug|Any CPU.Build.0 = Debug|Any CPU
		{D2B679F1-9E7D-4797-9B7E-03E20B51BB9A}.Release|Any CPU.ActiveCfg = Release|Any CPU
		{D2B679F1-9E7D-4797-9B7E-03E20B51BB9A}.Release|Any CPU.Build.0 = Release|Any CPU
	EndGlobalSection
	GlobalSection(SolutionProperties) = preSolution
		HideSolutionNode = FALSE
	EndGlobalSection
	GlobalSection(NestedProjects) = preSolution
		{29E2C0D2-E770-42D2-AEAF-A83368AE4462} = {4EA7316C-B94A-43BB-B26D-5F9310CDC642}
		{3F561F8B-1D61-4094-9B6A-286B2C9FE151} = {4EA7316C-B94A-43BB-B26D-5F9310CDC642}
		{6EEDA0A0-E4F0-4018-AA36-155C48078DCE} = {4EA7316C-B94A-43BB-B26D-5F9310CDC642}
		{19D139C4-02AC-4AD5-AC15-334DC2F81887} = {4EA7316C-B94A-43BB-B26D-5F9310CDC642}
		{B756C172-3CD9-4A1D-9F7A-A0D6898CE800} = {4EA7316C-B94A-43BB-B26D-5F9310CDC642}
		{DECCA8D3-5B26-4A8B-AC85-7E7234D50670} = {4EA7316C-B94A-43BB-B26D-5F9310CDC642}
		{D24B7056-7C6B-44DC-9BAE-C83EBAB777C6} = {4EA7316C-B94A-43BB-B26D-5F9310CDC642}
		{AB73047D-4AD9-4D8D-8DC5-DD0A040EFFDD} = {3F561F8B-1D61-4094-9B6A-286B2C9FE151}
		{404966B5-A729-456B-B3F1-CD1B1F71C3C0} = {5F315D75-CC27-4F15-A6EF-A22827DE27B3}
		{015DDB5B-D43C-4F86-8021-A87F275518B6} = {BAEF23E6-5282-40BF-8655-B6D55F01C9E1}
		{9AF684E0-9DDC-4440-9C77-51882DC9733B} = {DECCA8D3-5B26-4A8B-AC85-7E7234D50670}
		{482721BF-9480-46BE-8B21-6DAE36DF841F} = {29E2C0D2-E770-42D2-AEAF-A83368AE4462}
		{5394C31B-4657-4FFF-9951-399F34936F1B} = {19D139C4-02AC-4AD5-AC15-334DC2F81887}
		{FD93C258-12F2-46AF-8C21-69105C8D5379} = {D24B7056-7C6B-44DC-9BAE-C83EBAB777C6}
		{C55049EE-6D02-47F0-8328-87D2535E1517} = {D24B7056-7C6B-44DC-9BAE-C83EBAB777C6}
		{73950BAD-F15B-4975-8430-01BFC6012B84} = {D24B7056-7C6B-44DC-9BAE-C83EBAB777C6}
		{40CBE327-15AC-4588-ABC8-B8CEB4AD51C5} = {FD93C258-12F2-46AF-8C21-69105C8D5379}
		{C2885EA4-3BA5-4868-9853-655A8993DB75} = {FD93C258-12F2-46AF-8C21-69105C8D5379}
		{F3EF948F-37F0-4440-BF81-8B4DA7C3E872} = {C55049EE-6D02-47F0-8328-87D2535E1517}
		{E0EC6266-6735-4A78-AC62-FC2B9A3D5C79} = {73950BAD-F15B-4975-8430-01BFC6012B84}
		{A489B855-9527-41F2-9152-60880A1480D8} = {6EEDA0A0-E4F0-4018-AA36-155C48078DCE}
		{C30B5BBE-A78E-41C1-A1FF-E90AE38DC65C} = {6EEDA0A0-E4F0-4018-AA36-155C48078DCE}
		{31F6BCE0-C8EC-4812-8335-4A206977EE72} = {6EEDA0A0-E4F0-4018-AA36-155C48078DCE}
		{CEC59571-90B2-47B1-9115-255C43127BBF} = {6EEDA0A0-E4F0-4018-AA36-155C48078DCE}
		{D2B679F1-9E7D-4797-9B7E-03E20B51BB9A} = {B756C172-3CD9-4A1D-9F7A-A0D6898CE800}
	EndGlobalSection
	GlobalSection(ExtensibilityGlobals) = postSolution
		SolutionGuid = {194968EB-2FDB-4D23-912A-B629AD3CFE3C}
	EndGlobalSection
EndGlobal
